// !$*UTF8*$!
{
	archiveVersion = 1;
	classes = {
	};
	objectVersion = 77;
	objects = {

/* Begin PBXBuildFile section */
		3FCBA5EA08AD55CC6EDD7916 /* PrivateRecipes.swift in Sources */ = {isa = PBXBuildFile; fileRef = 771AFA1CAE7FFB760A4E4047 /* PrivateRecipes.swift */; };
		5460FA1A748961D7C0F39F77 /* PlanningCoreTests.swift in Sources */ = {isa = PBXBuildFile; fileRef = 3EC9B287E7DAFD2026279AA0 /* PlanningCoreTests.swift */; };
		61E3A08A47218F8692B7B117 /* Models.swift in Sources */ = {isa = PBXBuildFile; fileRef = 78B5FEDF2079982A77F11FE7 /* Models.swift */; };
		65344FDD23EBA6EED927EA1C /* PlanningCore.swift in Sources */ = {isa = PBXBuildFile; fileRef = 4623EF829C48DC96B4A68E91 /* PlanningCore.swift */; };
		6701D9E68DA0409E358B9494 /* Assets.xcassets in Resources */ = {isa = PBXBuildFile; fileRef = 30D7B3F16164271BDB590DDD /* Assets.xcassets */; };
		9B1906B5B67673182496FEF0 /* LadApp.swift in Sources */ = {isa = PBXBuildFile; fileRef = CEFC94D7A6F19A46FE100887 /* LadApp.swift */; };
		E2B0FA662A5659107AEC1604 /* PlanningViews.swift in Sources */ = {isa = PBXBuildFile; fileRef = BC7A89682C45A9A37DD989FC /* PlanningViews.swift */; };
		E600592C1357FDDADD45A5A3 /* PantryShoppingViews.swift in Sources */ = {isa = PBXBuildFile; fileRef = 55F050FE7C9068806AC41BE6 /* PantryShoppingViews.swift */; };
		F877A76BBB7A6608615989B6 /* HouseholdViews.swift in Sources */ = {isa = PBXBuildFile; fileRef = 91D72C869EFC096975D43A1F /* HouseholdViews.swift */; };
/* End PBXBuildFile section */

/* Begin PBXContainerItemProxy section */
		A7D6E18C3B1D4BCF4261B01B /* PBXContainerItemProxy */ = {
			isa = PBXContainerItemProxy;
			containerPortal = DEC8D4483A9F6D5DC16DD624 /* Project object */;
			proxyType = 1;
			remoteGlobalIDString = 5FCFCB0DA48985BE4894A3B7;
			remoteInfo = Lad;
		};
/* End PBXContainerItemProxy section */

/* Begin PBXFileReference section */
		30D7B3F16164271BDB590DDD /* Assets.xcassets */ = {isa = PBXFileReference; lastKnownFileType = folder.assetcatalog; path = Assets.xcassets; sourceTree = "<group>"; };
		3EC9B287E7DAFD2026279AA0 /* PlanningCoreTests.swift */ = {isa = PBXFileReference; lastKnownFileType = sourcecode.swift; path = PlanningCoreTests.swift; sourceTree = "<group>"; };
		42EED19FD4008AC9B3F23923 /* Lad.app */ = {isa = PBXFileReference; includeInIndex = 0; lastKnownFileType = wrapper.application; path = Lad.app; sourceTree = BUILT_PRODUCTS_DIR; };
		4623EF829C48DC96B4A68E91 /* PlanningCore.swift */ = {isa = PBXFileReference; lastKnownFileType = sourcecode.swift; path = PlanningCore.swift; sourceTree = "<group>"; };
		4801382B23D574244F3F3BC3 /* LadTests.xctest */ = {isa = PBXFileReference; includeInIndex = 0; lastKnownFileType = wrapper.cfbundle; path = LadTests.xctest; sourceTree = BUILT_PRODUCTS_DIR; };
		55F050FE7C9068806AC41BE6 /* PantryShoppingViews.swift */ = {isa = PBXFileReference; lastKnownFileType = sourcecode.swift; path = PantryShoppingViews.swift; sourceTree = "<group>"; };
		771AFA1CAE7FFB760A4E4047 /* PrivateRecipes.swift */ = {isa = PBXFileReference; lastKnownFileType = sourcecode.swift; path = PrivateRecipes.swift; sourceTree = "<group>"; };
		78B5FEDF2079982A77F11FE7 /* Models.swift */ = {isa = PBXFileReference; lastKnownFileType = sourcecode.swift; path = Models.swift; sourceTree = "<group>"; };
		91D72C869EFC096975D43A1F /* HouseholdViews.swift */ = {isa = PBXFileReference; lastKnownFileType = sourcecode.swift; path = HouseholdViews.swift; sourceTree = "<group>"; };
		BC7A89682C45A9A37DD989FC /* PlanningViews.swift */ = {isa = PBXFileReference; lastKnownFileType = sourcecode.swift; path = PlanningViews.swift; sourceTree = "<group>"; };
		CEFC94D7A6F19A46FE100887 /* LadApp.swift */ = {isa = PBXFileReference; lastKnownFileType = sourcecode.swift; path = LadApp.swift; sourceTree = "<group>"; };
/* End PBXFileReference section */

/* Begin PBXGroup section */
		8BF6080FC17AAE4EB2BFCE46 /* Products */ = {
			isa = PBXGroup;
			children = (
				42EED19FD4008AC9B3F23923 /* Lad.app */,
				4801382B23D574244F3F3BC3 /* LadTests.xctest */,
			);
			name = Products;
			sourceTree = "<group>";
		};
		ACF0F24232FC3EFEBEC187D0 /* LadTests */ = {
			isa = PBXGroup;
			children = (
				3EC9B287E7DAFD2026279AA0 /* PlanningCoreTests.swift */,
			);
			path = LadTests;
			sourceTree = "<group>";
		};
		E86CCDE5754D9A142D7F3027 = {
			isa = PBXGroup;
			children = (
				30D7B3F16164271BDB590DDD /* Assets.xcassets */,
				FFD200B0B48694B2D546C967 /* Lad */,
				ACF0F24232FC3EFEBEC187D0 /* LadTests */,
				8BF6080FC17AAE4EB2BFCE46 /* Products */,
			);
			sourceTree = "<group>";
		};
		FFD200B0B48694B2D546C967 /* Lad */ = {
			isa = PBXGroup;
			children = (
				91D72C869EFC096975D43A1F /* HouseholdViews.swift */,
				CEFC94D7A6F19A46FE100887 /* LadApp.swift */,
				78B5FEDF2079982A77F11FE7 /* Models.swift */,
				55F050FE7C9068806AC41BE6 /* PantryShoppingViews.swift */,
				4623EF829C48DC96B4A68E91 /* PlanningCore.swift */,
				BC7A89682C45A9A37DD989FC /* PlanningViews.swift */,
				771AFA1CAE7FFB760A4E4047 /* PrivateRecipes.swift */,
			);
			path = Lad;
			sourceTree = "<group>";
		};
/* End PBXGroup section */

/* Begin PBXNativeTarget section */
		5FCFCB0DA48985BE4894A3B7 /* Lad */ = {
			isa = PBXNativeTarget;
			buildConfigurationList = 8D38FA905F69E3C9A0726C99 /* Build configuration list for PBXNativeTarget "Lad" */;
			buildPhases = (
				B2A1BE1DE539067F9F7BA763 /* Sources */,
				E9DAFEB4D9EE186DB1BE129A /* Resources */,
			);
			buildRules = (
			);
			dependencies = (
			);
			name = Lad;
			packageProductDependencies = (
			);
			productName = Lad;
			productReference = 42EED19FD4008AC9B3F23923 /* Lad.app */;
			productType = "com.apple.product-type.application";
		};
		C856060407310DD376743A4C /* LadTests */ = {
			isa = PBXNativeTarget;
			buildConfigurationList = 932B64F54A79C2E29CE60D33 /* Build configuration list for PBXNativeTarget "LadTests" */;
			buildPhases = (
				F9FAB3D0E909B7365FE937BD /* Sources */,
			);
			buildRules = (
			);
			dependencies = (
				72BE9F12A3E470AC7EBE819A /* PBXTargetDependency */,
			);
			name = LadTests;
			packageProductDependencies = (
			);
			productName = LadTests;
			productReference = 4801382B23D574244F3F3BC3 /* LadTests.xctest */;
			productType = "com.apple.product-type.bundle.unit-test";
		};
/* End PBXNativeTarget section */

/* Begin PBXProject section */
		DEC8D4483A9F6D5DC16DD624 /* Project object */ = {
			isa = PBXProject;
			attributes = {
				BuildIndependentTargetsInParallel = YES;
				LastUpgradeCheck = 1430;
				TargetAttributes = {
					5FCFCB0DA48985BE4894A3B7 = {
						DevelopmentTeam = "";
						ProvisioningStyle = Automatic;
					};
				};
			};
			buildConfigurationList = 9BAA998427D4E1F184FF8F1F /* Build configuration list for PBXProject "Lad" */;
			developmentRegion = en;
			hasScannedForEncodings = 0;
			knownRegions = (
				Base,
				en,
			);
			mainGroup = E86CCDE5754D9A142D7F3027;
			minimizedProjectReferenceProxies = 1;
			preferredProjectObjectVersion = 77;
			productRefGroup = 8BF6080FC17AAE4EB2BFCE46 /* Products */;
			projectDirPath = "";
			projectRoot = "";
			targets = (
				5FCFCB0DA48985BE4894A3B7 /* Lad */,
				C856060407310DD376743A4C /* LadTests */,
			);
		};
/* End PBXProject section */

/* Begin PBXResourcesBuildPhase section */
		E9DAFEB4D9EE186DB1BE129A /* Resources */ = {
			isa = PBXResourcesBuildPhase;
			buildActionMask = 2147483647;
			files = (
				6701D9E68DA0409E358B9494 /* Assets.xcassets in Resources */,
			);
			runOnlyForDeploymentPostprocessing = 0;
		};
/* End PBXResourcesBuildPhase section */

/* Begin PBXSourcesBuildPhase section */
		B2A1BE1DE539067F9F7BA763 /* Sources */ = {
			isa = PBXSourcesBuildPhase;
			buildActionMask = 2147483647;
			files = (
				F877A76BBB7A6608615989B6 /* HouseholdViews.swift in Sources */,
				9B1906B5B67673182496FEF0 /* LadApp.swift in Sources */,
				61E3A08A47218F8692B7B117 /* Models.swift in Sources */,
				E600592C1357FDDADD45A5A3 /* PantryShoppingViews.swift in Sources */,
				65344FDD23EBA6EED927EA1C /* PlanningCore.swift in Sources */,
				E2B0FA662A5659107AEC1604 /* PlanningViews.swift in Sources */,
				3FCBA5EA08AD55CC6EDD7916 /* PrivateRecipes.swift in Sources */,
			);
			runOnlyForDeploymentPostprocessing = 0;
		};
		F9FAB3D0E909B7365FE937BD /* Sources */ = {
			isa = PBXSourcesBuildPhase;
			buildActionMask = 2147483647;
			files = (
				5460FA1A748961D7C0F39F77 /* PlanningCoreTests.swift in Sources */,
			);
			runOnlyForDeploymentPostprocessing = 0;
		};
/* End PBXSourcesBuildPhase section */

/* Begin PBXTargetDependency section */
		72BE9F12A3E470AC7EBE819A /* PBXTargetDependency */ = {
			isa = PBXTargetDependency;
			target = 5FCFCB0DA48985BE4894A3B7 /* Lad */;
			targetProxy = A7D6E18C3B1D4BCF4261B01B /* PBXContainerItemProxy */;
		};
/* End PBXTargetDependency section */

/* Begin XCBuildConfiguration section */
		1452C14929576CC2B387EDDF /* Debug */ = {
			isa = XCBuildConfiguration;
			buildSettings = {
				BUNDLE_LOADER = "$(TEST_HOST)";
				LD_RUNPATH_SEARCH_PATHS = (
					"$(inherited)",
					"@executable_path/Frameworks",
					"@loader_path/Frameworks",
				);
				PRODUCT_BUNDLE_IDENTIFIER = app.lad.LadTests;
				SDKROOT = iphoneos;
				TARGETED_DEVICE_FAMILY = "1,2";
				TEST_HOST = "$(BUILT_PRODUCTS_DIR)/Lad.app/Lad";
			};
			name = Debug;
		};
		5BAD1C860FB74B07F001F25D /* Debug */ = {
			isa = XCBuildConfiguration;
			buildSettings = {
				ALWAYS_SEARCH_USER_PATHS = NO;
				ASSETCATALOG_COMPILER_GENERATE_SWIFT_ASSET_SYMBOL_EXTENSIONS = YES;
				CLANG_ANALYZER_NONNULL = YES;
				CLANG_ANALYZER_NUMBER_OBJECT_CONVERSION = YES_AGGRESSIVE;
				CLANG_CXX_LANGUAGE_STANDARD = "gnu++14";
				CLANG_CXX_LIBRARY = "libc++";
				CLANG_ENABLE_MODULES = YES;
				CLANG_ENABLE_OBJC_ARC = YES;
				CLANG_ENABLE_OBJC_WEAK = YES;
				CLANG_WARN_BLOCK_CAPTURE_AUTORELEASING = YES;
				CLANG_WARN_BOOL_CONVERSION = YES;
				CLANG_WARN_COMMA = YES;
				CLANG_WARN_CONSTANT_CONVERSION = YES;
				CLANG_WARN_DEPRECATED_OBJC_IMPLEMENTATIONS = YES;
				CLANG_WARN_DIRECT_OBJC_ISA_USAGE = YES_ERROR;
				CLANG_WARN_DOCUMENTATION_COMMENTS = YES;
				CLANG_WARN_EMPTY_BODY = YES;
				CLANG_WARN_ENUM_CONVERSION = YES;
				CLANG_WARN_INFINITE_RECURSION = YES;
				CLANG_WARN_INT_CONVERSION = YES;
				CLANG_WARN_NON_LITERAL_NULL_CONVERSION = YES;
				CLANG_WARN_OBJC_IMPLICIT_RETAIN_SELF = YES;
				CLANG_WARN_OBJC_LITERAL_CONVERSION = YES;
				CLANG_WARN_OBJC_ROOT_CLASS = YES_ERROR;
				CLANG_WARN_QUOTED_INCLUDE_IN_FRAMEWORK_HEADER = YES;
				CLANG_WARN_RANGE_LOOP_ANALYSIS = YES;
				CLANG_WARN_STRICT_PROTOTYPES = YES;
				CLANG_WARN_SUSPICIOUS_MOVE = YES;
				CLANG_WARN_UNGUARDED_AVAILABILITY = YES_AGGRESSIVE;
				CLANG_WARN_UNREACHABLE_CODE = YES;
				CLANG_WARN__DUPLICATE_METHOD_MATCH = YES;
				COPY_PHASE_STRIP = NO;
				DEBUG_INFORMATION_FORMAT = dwarf;
				ENABLE_STRICT_OBJC_MSGSEND = YES;
				ENABLE_TESTABILITY = YES;
				GCC_C_LANGUAGE_STANDARD = gnu11;
				GCC_DYNAMIC_NO_PIC = NO;
				GCC_NO_COMMON_BLOCKS = YES;
				GCC_OPTIMIZATION_LEVEL = 0;
				GCC_PREPROCESSOR_DEFINITIONS = (
					"$(inherited)",
					"DEBUG=1",
				);
				GCC_WARN_64_TO_32_BIT_CONVERSION = YES;
				GCC_WARN_ABOUT_RETURN_TYPE = YES_ERROR;
				GCC_WARN_UNDECLARED_SELECTOR = YES;
				GCC_WARN_UNINITIALIZED_AUTOS = YES_AGGRESSIVE;
				GCC_WARN_UNUSED_FUNCTION = YES;
				GCC_WARN_UNUSED_VARIABLE = YES;
				GENERATE_INFOPLIST_FILE = YES;
				INFOPLIST_KEY_CFBundleDisplayName = "Лад";
				INFOPLIST_KEY_UIApplicationSceneManifest_Generation = YES;
				INFOPLIST_KEY_UIApplicationSupportsIndirectInputEvents = YES;
				INFOPLIST_KEY_UILaunchScreen_Generation = YES;
				IPHONEOS_DEPLOYMENT_TARGET = 18.0;
				MTL_ENABLE_DEBUG_INFO = INCLUDE_SOURCE;
				MTL_FAST_MATH = YES;
				ONLY_ACTIVE_ARCH = YES;
				PRODUCT_NAME = "$(TARGET_NAME)";
				SDKROOT = iphoneos;
				SWIFT_ACTIVE_COMPILATION_CONDITIONS = DEBUG;
				SWIFT_OPTIMIZATION_LEVEL = "-Onone";
				SWIFT_VERSION = 5.0;
				TARGETED_DEVICE_FAMILY = 1;
			};
			name = Debug;
		};
		5FE41FF144890E52A40FB345 /* Debug */ = {
			isa = XCBuildConfiguration;
			buildSettings = {
				ASSETCATALOG_COMPILER_APPICON_NAME = AppIcon;
				CODE_SIGN_IDENTITY = "iPhone Developer";
				CODE_SIGN_STYLE = Automatic;
				DEVELOPMENT_TEAM = "";
				LD_RUNPATH_SEARCH_PATHS = (
					"$(inherited)",
					"@executable_path/Frameworks",
				);
				PRODUCT_BUNDLE_IDENTIFIER = app.lad.family;
				SDKROOT = iphoneos;
				TARGETED_DEVICE_FAMILY = "1,2";
			};
			name = Debug;
		};
		931A834E5A8C696C4F654AB6 /* Release */ = {
			isa = XCBuildConfiguration;
			buildSettings = {
				ASSETCATALOG_COMPILER_APPICON_NAME = AppIcon;
				CODE_SIGN_IDENTITY = "iPhone Developer";
				CODE_SIGN_STYLE = Automatic;
				DEVELOPMENT_TEAM = "";
				LD_RUNPATH_SEARCH_PATHS = (
					"$(inherited)",
					"@executable_path/Frameworks",
				);
				PRODUCT_BUNDLE_IDENTIFIER = app.lad.family;
				SDKROOT = iphoneos;
				TARGETED_DEVICE_FAMILY = "1,2";
			};
			name = Release;
		};
		B029C1708CF8233496BC80BF /* Release */ = {
			isa = XCBuildConfiguration;
			buildSettings = {
				BUNDLE_LOADER = "$(TEST_HOST)";
				LD_RUNPATH_SEARCH_PATHS = (
					"$(inherited)",
					"@executable_path/Frameworks",
					"@loader_path/Frameworks",
				);
				PRODUCT_BUNDLE_IDENTIFIER = app.lad.LadTests;
				SDKROOT = iphoneos;
				TARGETED_DEVICE_FAMILY = "1,2";
				TEST_HOST = "$(BUILT_PRODUCTS_DIR)/Lad.app/Lad";
			};
			name = Release;
		};
		D68242DCD850EDBDE96C3E9B /* Release */ = {
			isa = XCBuildConfiguration;
			buildSettings = {
				ALWAYS_SEARCH_USER_PATHS = NO;
				ASSETCATALOG_COMPILER_GENERATE_SWIFT_ASSET_SYMBOL_EXTENSIONS = YES;
				CLANG_ANALYZER_NONNULL = YES;
				CLANG_ANALYZER_NUMBER_OBJECT_CONVERSION = YES_AGGRESSIVE;
				CLANG_CXX_LANGUAGE_STANDARD = "gnu++14";
				CLANG_CXX_LIBRARY = "libc++";
				CLANG_ENABLE_MODULES = YES;
				CLANG_ENABLE_OBJC_ARC = YES;
				CLANG_ENABLE_OBJC_WEAK = YES;
				CLANG_WARN_BLOCK_CAPTURE_AUTORELEASING = YES;
				CLANG_WARN_BOOL_CONVERSION = YES;
				CLANG_WARN_COMMA = YES;
				CLANG_WARN_CONSTANT_CONVERSION = YES;
				CLANG_WARN_DEPRECATED_OBJC_IMPLEMENTATIONS = YES;
				CLANG_WARN_DIRECT_OBJC_ISA_USAGE = YES_ERROR;
				CLANG_WARN_DOCUMENTATION_COMMENTS = YES;
				CLANG_WARN_EMPTY_BODY = YES;
				CLANG_WARN_ENUM_CONVERSION = YES;
				CLANG_WARN_INFINITE_RECURSION = YES;
				CLANG_WARN_INT_CONVERSION = YES;
				CLANG_WARN_NON_LITERAL_NULL_CONVERSION = YES;
				CLANG_WARN_OBJC_IMPLICIT_RETAIN_SELF = YES;
				CLANG_WARN_OBJC_LITERAL_CONVERSION = YES;
				CLANG_WARN_OBJC_ROOT_CLASS = YES_ERROR;
				CLANG_WARN_QUOTED_INCLUDE_IN_FRAMEWORK_HEADER = YES;
				CLANG_WARN_RANGE_LOOP_ANALYSIS = YES;
				CLANG_WARN_STRICT_PROTOTYPES = YES;
				CLANG_WARN_SUSPICIOUS_MOVE = YES;
				CLANG_WARN_UNGUARDED_AVAILABILITY = YES_AGGRESSIVE;
				CLANG_WARN_UNREACHABLE_CODE = YES;
				CLANG_WARN__DUPLICATE_METHOD_MATCH = YES;
				COPY_PHASE_STRIP = NO;
				DEBUG_INFORMATION_FORMAT = "dwarf-with-dsym";
				ENABLE_NS_ASSERTIONS = NO;
				ENABLE_STRICT_OBJC_MSGSEND = YES;
				GCC_C_LANGUAGE_STANDARD = gnu11;
				GCC_NO_COMMON_BLOCKS = YES;
				GCC_WARN_64_TO_32_BIT_CONVERSION = YES;
				GCC_WARN_ABOUT_RETURN_TYPE = YES_ERROR;
				GCC_WARN_UNDECLARED_SELECTOR = YES;
				GCC_WARN_UNINITIALIZED_AUTOS = YES_AGGRESSIVE;
				GCC_WARN_UNUSED_FUNCTION = YES;
				GCC_WARN_UNUSED_VARIABLE = YES;
				GENERATE_INFOPLIST_FILE = YES;
				INFOPLIST_KEY_CFBundleDisplayName = "Лад";
				INFOPLIST_KEY_UIApplicationSceneManifest_Generation = YES;
				INFOPLIST_KEY_UIApplicationSupportsIndirectInputEvents = YES;
				INFOPLIST_KEY_UILaunchScreen_Generation = YES;
				IPHONEOS_DEPLOYMENT_TARGET = 18.0;
				MTL_ENABLE_DEBUG_INFO = NO;
				MTL_FAST_MATH = YES;
				PRODUCT_NAME = "$(TARGET_NAME)";
				SDKROOT = iphoneos;
				SWIFT_COMPILATION_MODE = wholemodule;
				SWIFT_OPTIMIZATION_LEVEL = "-O";
				SWIFT_VERSION = 5.0;
				TARGETED_DEVICE_FAMILY = 1;
			};
			name = Release;
		};
/* End XCBuildConfiguration section */

/* Begin XCConfigurationList section */
		8D38FA905F69E3C9A0726C99 /* Build configuration list for PBXNativeTarget "Lad" */ = {
			isa = XCConfigurationList;
			buildConfigurations = (
				5FE41FF144890E52A40FB345 /* Debug */,
				931A834E5A8C696C4F654AB6 /* Release */,
			);
			defaultConfigurationIsVisible = 0;
			defaultConfigurationName = Debug;
		};
		932B64F54A79C2E29CE60D33 /* Build configuration list for PBXNativeTarget "LadTests" */ = {
			isa = XCConfigurationList;
			buildConfigurations = (
				1452C14929576CC2B387EDDF /* Debug */,
				B029C1708CF8233496BC80BF /* Release */,
			);
			defaultConfigurationIsVisible = 0;
			defaultConfigurationName = Debug;
		};
		9BAA998427D4E1F184FF8F1F /* Build configuration list for PBXProject "Lad" */ = {
			isa = XCConfigurationList;
			buildConfigurations = (
				5BAD1C860FB74B07F001F25D /* Debug */,
				D68242DCD850EDBDE96C3E9B /* Release */,
			);
			defaultConfigurationIsVisible = 0;
			defaultConfigurationName = Debug;
		};
/* End XCConfigurationList section */
	};
	rootObject = DEC8D4483A9F6D5DC16DD624 /* Project object */;
}
